
Microsoft Visual Studio Solution File, Format Version 12.00
# Visual Studio Version 17
VisualStudioVersion = 17.8.34525.116
MinimumVisualStudioVersion = 10.0.40219.1
Project("{FAE04EC0-301F-11D3-BF4B-00C04F79EFBC}") = "ClientUI", "Base form\ClientUI.csproj", "{0C1336C6-87BF-4CC1-AE44-078D94810452}"
EndProject
Project("{FAE04EC0-301F-11D3-BF4B-00C04F79EFBC}") = "Domain", "Domain\Domain.csproj", "{67588734-6B13-4467-9037-A108F57117C7}"
EndProject
Project("{FAE04EC0-301F-11D3-BF4B-00C04F79EFBC}") = "DataProviders", "DataSource\DataProviders.csproj", "{D0686F47-F6CB-468E-B44B-8C7E180A807B}"
EndProject
Project("{FAE04EC0-301F-11D3-BF4B-00C04F79EFBC}") = "ApplicationLogic", "ApplicationLogic\ApplicationLogic.csproj", "{87F906CA-8B96-4734-AA15-54A831CE16AB}"
EndProject
Project("{FAE04EC0-301F-11D3-BF4B-00C04F79EFBC}") = "DatabaseBroker", "DatabaseBroker\DatabaseBroker.csproj", "{D42653DA-6341-4026-BAB0-E6EF34951034}"
EndProject
Project("{FAE04EC0-301F-11D3-BF4B-00C04F79EFBC}") = "Server", "Server\Server.csproj", "{DA0E09D2-943A-4281-AD80-F31936DE08ED}"
EndProject
Project("{FAE04EC0-301F-11D3-BF4B-00C04F79EFBC}") = "Common", "Common\Common.csproj", "{7D0B726E-895E-459D-A64F-F80B5905AC29}"
EndProject
Global
	GlobalSection(SolutionConfigurationPlatforms) = preSolution
		Debug|Any CPU = Debug|Any CPU
		Release|Any CPU = Release|Any CPU
	EndGlobalSection
	GlobalSection(ProjectConfigurationPlatforms) = postSolution
		{0C1336C6-87BF-4CC1-AE44-078D94810452}.Debug|Any CPU.ActiveCfg = Debug|Any CPU
		{0C1336C6-87BF-4CC1-AE44-078D94810452}.Debug|Any CPU.Build.0 = Debug|Any CPU
		{0C1336C6-87BF-4CC1-AE44-078D94810452}.Release|Any CPU.ActiveCfg = Release|Any CPU
		{0C1336C6-87BF-4CC1-AE44-078D94810452}.Release|Any CPU.Build.0 = Release|Any CPU
		{67588734-6B13-4467-9037-A108F57117C7}.Debug|Any CPU.ActiveCfg = Debug|Any CPU
		{67588734-6B13-4467-9037-A108F57117C7}.Debug|Any CPU.Build.0 = Debug|Any CPU
		{67588734-6B13-4467-9037-A108F57117C7}.Release|Any CPU.ActiveCfg = Release|Any CPU
		{67588734-6B13-4467-9037-A108F57117C7}.Release|Any CPU.Build.0 = Release|Any CPU
		{D0686F47-F6CB-468E-B44B-8C7E180A807B}.Debug|Any CPU.ActiveCfg = Debug|Any CPU
		{D0686F47-F6CB-468E-B44B-8C7E180A807B}.Debug|Any CPU.Build.0 = Debug|Any CPU
		{D0686F47-F6CB-468E-B44B-8C7E180A807B}.Release|Any CPU.ActiveCfg = Release|Any CPU
		{D0686F47-F6CB-468E-B44B-8C7E180A807B}.Release|Any CPU.Build.0 = Release|Any CPU
		{87F906CA-8B96-4734-AA15-54A831CE16AB}.Debug|Any CPU.ActiveCfg = Debug|Any CPU
		{87F906CA-8B96-4734-AA15-54A831CE16AB}.Debug|Any CPU.Build.0 = Debug|Any CPU
		{87F906CA-8B96-4734-AA15-54A831CE16AB}.Release|Any CPU.ActiveCfg = Release|Any CPU
		{87F906CA-8B96-4734-AA15-54A831CE16AB}.Release|Any CPU.Build.0 = Release|Any CPU
		{D42653DA-6341-4026-BAB0-E6EF34951034}.Debug|Any CPU.ActiveCfg = Debug|Any CPU
		{D42653DA-6341-4026-BAB0-E6EF34951034}.Debug|Any CPU.Build.0 = Debug|Any CPU
		{D42653DA-6341-4026-BAB0-E6EF34951034}.Release|Any CPU.ActiveCfg = Release|Any CPU
		{D42653DA-6341-4026-BAB0-E6EF34951034}.Release|Any CPU.Build.0 = Release|Any CPU
		{DA0E09D2-943A-4281-AD80-F31936DE08ED}.Debug|Any CPU.ActiveCfg = Debug|Any CPU
		{DA0E09D2-943A-4281-AD80-F31936DE08ED}.Debug|Any CPU.Build.0 = Debug|Any CPU
		{DA0E09D2-943A-4281-AD80-F31936DE08ED}.Release|Any CPU.ActiveCfg = Release|Any CPU
		{DA0E09D2-943A-4281-AD80-F31936DE08ED}.Release|Any CPU.Build.0 = Release|Any CPU
		{7D0B726E-895E-459D-A64F-F80B5905AC29}.Debug|Any CPU.ActiveCfg = Debug|Any CPU
		{7D0B726E-895E-459D-A64F-F80B5905AC29}.Debug|Any CPU.Build.0 = Debug|Any CPU
		{7D0B726E-895E-459D-A64F-F80B5905AC29}.Release|Any CPU.ActiveCfg = Release|Any CPU
		{7D0B726E-895E-459D-A64F-F80B5905AC29}.Release|Any CPU.Build.0 = Release|Any CPU
	EndGlobalSection
	GlobalSection(SolutionProperties) = preSolution
		HideSolutionNode = FALSE
	EndGlobalSection
	GlobalSection(ExtensibilityGlobals) = postSolution
		SolutionGuid = {D545D2D3-C656-4EEF-A077-35DDBA033808}
	EndGlobalSection
EndGlobal
